
Microsoft Visual Studio Solution File, Format Version 12.00
# Visual Studio Version 16
VisualStudioVersion = 16.0.30002.166
MinimumVisualStudioVersion = 10.0.40219.1
Project("{FAE04EC0-301F-11D3-BF4B-00C04F79EFBC}") = "Groupe", "Groupe.csproj", "{2EBE97F5-165D-42D2-BD35-7CB6F69B2442}"
EndProject
Global
	GlobalSection(SolutionConfigurationPlatforms) = preSolution
		Debug|Any CPU = Debug|Any CPU
		Release|Any CPU = Release|Any CPU
	EndGlobalSection
	GlobalSection(ProjectConfigurationPlatforms) = postSolution
		{2EBE97F5-165D-42D2-BD35-7CB6F69B2442}.Debug|Any CPU.ActiveCfg = Debug|Any CPU
		{2EBE97F5-165D-42D2-BD35-7CB6F69B2442}.Debug|Any CPU.Build.0 = Debug|Any CPU
		{2EBE97F5-165D-42D2-BD35-7CB6F69B2442}.Release|Any CPU.ActiveCfg = Release|Any CPU
		{2EBE97F5-165D-42D2-BD35-7CB6F69B2442}.Release|Any CPU.Build.0 = Release|Any CPU
	EndGlobalSection
	GlobalSection(SolutionProperties) = preSolution
		HideSolutionNode = FALSE
	EndGlobalSection
	GlobalSection(ExtensibilityGlobals) = postSolution
		SolutionGuid = {37587E37-858E-4A3B-A18D-694A9B1373E4}
	EndGlobalSection
EndGlobal
